
Microsoft Visual Studio Solution File, Format Version 12.00
# Visual Studio Version 16
VisualStudioVersion = 16.0.30011.22
MinimumVisualStudioVersion = 10.0.40219.1
Project("{8BC9CEB8-8B4A-11D0-8D11-00A0C91BC942}") = "dreidelHelper", "dreidelHelper\dreidelHelper.vcxproj", "{A1517823-F64C-41FC-AAB6-E537347B1ACF}"
EndProject
Global
	GlobalSection(SolutionConfigurationPlatforms) = preSolution
		Debug|x64 = Debug|x64
		Debug|x86 = Debug|x86
		Release|x64 = Release|x64
		Release|x86 = Release|x86
	EndGlobalSection
	GlobalSection(ProjectConfigurationPlatforms) = postSolution
		{A1517823-F64C-41FC-AAB6-E537347B1ACF}.Debug|x64.ActiveCfg = Debug|x64
		{A1517823-F64C-41FC-AAB6-E537347B1ACF}.Debug|x64.Build.0 = Debug|x64
		{A1517823-F64C-41FC-AAB6-E537347B1ACF}.Debug|x86.ActiveCfg = Debug|Win32
		{A1517823-F64C-41FC-AAB6-E537347B1ACF}.Debug|x86.Build.0 = Debug|Win32
		{A1517823-F64C-41FC-AAB6-E537347B1ACF}.Release|x64.ActiveCfg = Release|x64
		{A1517823-F64C-41FC-AAB6-E537347B1ACF}.Release|x64.Build.0 = Release|x64
		{A1517823-F64C-41FC-AAB6-E537347B1ACF}.Release|x86.ActiveCfg = Release|Win32
		{A1517823-F64C-41FC-AAB6-E537347B1ACF}.Release|x86.Build.0 = Release|Win32
	EndGlobalSection
	GlobalSection(SolutionProperties) = preSolution
		HideSolutionNode = FALSE
	EndGlobalSection
	GlobalSection(ExtensibilityGlobals) = postSolution
		SolutionGuid = {8FA59AD9-5026-478F-A946-4114B8992A2A}
	EndGlobalSection
EndGlobal
